
Microsoft Visual Studio Solution File, Format Version 12.00
# Visual Studio 15
VisualStudioVersion = 15.0.28307.438
MinimumVisualStudioVersion = 10.0.40219.1
Project("{FAE04EC0-301F-11D3-BF4B-00C04F79EFBC}") = "AspNetSeed.Web", "AspNetSeed.Web\AspNetSeed.Web.csproj", "{38F976F2-0800-4FF0-8CF9-C6E7C1FC71E2}"
EndProject
Project("{FAE04EC0-301F-11D3-BF4B-00C04F79EFBC}") = "AspNetSeed.Domain", "AspNetSeed.Domain\AspNetSeed.Domain.csproj", "{D98C9752-6365-4552-AA60-54D608539111}"
EndProject
Project("{FAE04EC0-301F-11D3-BF4B-00C04F79EFBC}") = "AspNetSeed.Infrastructure", "AspNetSeed.Infrastructure\AspNetSeed.Infrastructure.csproj", "{4112DF49-188A-48A7-A2ED-706D4281CEA9}"
EndProject
Project("{FAE04EC0-301F-11D3-BF4B-00C04F79EFBC}") = "AspNetSeed.Service", "AspNetSeed.Service\AspNetSeed.Service.csproj", "{699EA328-2924-4D08-BFF8-1D36CEAB2709}"
EndProject
Global
	GlobalSection(SolutionConfigurationPlatforms) = preSolution
		Debug|Any CPU = Debug|Any CPU
		Release|Any CPU = Release|Any CPU
	EndGlobalSection
	GlobalSection(ProjectConfigurationPlatforms) = postSolution
		{38F976F2-0800-4FF0-8CF9-C6E7C1FC71E2}.Debug|Any CPU.ActiveCfg = Debug|Any CPU
		{38F976F2-0800-4FF0-8CF9-C6E7C1FC71E2}.Debug|Any CPU.Build.0 = Debug|Any CPU
		{38F976F2-0800-4FF0-8CF9-C6E7C1FC71E2}.Release|Any CPU.ActiveCfg = Release|Any CPU
		{38F976F2-0800-4FF0-8CF9-C6E7C1FC71E2}.Release|Any CPU.Build.0 = Release|Any CPU
		{D98C9752-6365-4552-AA60-54D608539111}.Debug|Any CPU.ActiveCfg = Debug|Any CPU
		{D98C9752-6365-4552-AA60-54D608539111}.Debug|Any CPU.Build.0 = Debug|Any CPU
		{D98C9752-6365-4552-AA60-54D608539111}.Release|Any CPU.ActiveCfg = Release|Any CPU
		{D98C9752-6365-4552-AA60-54D608539111}.Release|Any CPU.Build.0 = Release|Any CPU
		{4112DF49-188A-48A7-A2ED-706D4281CEA9}.Debug|Any CPU.ActiveCfg = Debug|Any CPU
		{4112DF49-188A-48A7-A2ED-706D4281CEA9}.Debug|Any CPU.Build.0 = Debug|Any CPU
		{4112DF49-188A-48A7-A2ED-706D4281CEA9}.Release|Any CPU.ActiveCfg = Release|Any CPU
		{4112DF49-188A-48A7-A2ED-706D4281CEA9}.Release|Any CPU.Build.0 = Release|Any CPU
		{699EA328-2924-4D08-BFF8-1D36CEAB2709}.Debug|Any CPU.ActiveCfg = Debug|Any CPU
		{699EA328-2924-4D08-BFF8-1D36CEAB2709}.Debug|Any CPU.Build.0 = Debug|Any CPU
		{699EA328-2924-4D08-BFF8-1D36CEAB2709}.Release|Any CPU.ActiveCfg = Release|Any CPU
		{699EA328-2924-4D08-BFF8-1D36CEAB2709}.Release|Any CPU.Build.0 = Release|Any CPU
	EndGlobalSection
	GlobalSection(SolutionProperties) = preSolution
		HideSolutionNode = FALSE
	EndGlobalSection
	GlobalSection(ExtensibilityGlobals) = postSolution
		SolutionGuid = {A480243A-7400-4080-B4F9-A622F8B8083B}
	EndGlobalSection
EndGlobal
